
Microsoft Visual Studio Solution File, Format Version 12.00
# Visual Studio Version 17
VisualStudioVersion = 17.14.36623.8 d17.14
MinimumVisualStudioVersion = 10.0.40219.1
Project("{FAE04EC0-301F-11D3-BF4B-00C04F79EFBC}") = "kursova1", "kursova1\kursova1.csproj", "{61AC0CD9-DACA-4283-BAB6-C9A69986F561}"
EndProject
Global
	GlobalSection(SolutionConfigurationPlatforms) = preSolution
		Debug|Any CPU = Debug|Any CPU
		Release|Any CPU = Release|Any CPU
	EndGlobalSection
	GlobalSection(ProjectConfigurationPlatforms) = postSolution
		{61AC0CD9-DACA-4283-BAB6-C9A69986F561}.Debug|Any CPU.ActiveCfg = Debug|Any CPU
		{61AC0CD9-DACA-4283-BAB6-C9A69986F561}.Debug|Any CPU.Build.0 = Debug|Any CPU
		{61AC0CD9-DACA-4283-BAB6-C9A69986F561}.Release|Any CPU.ActiveCfg = Release|Any CPU
		{61AC0CD9-DACA-4283-BAB6-C9A69986F561}.Release|Any CPU.Build.0 = Release|Any CPU
	EndGlobalSection
	GlobalSection(SolutionProperties) = preSolution
		HideSolutionNode = FALSE
	EndGlobalSection
	GlobalSection(ExtensibilityGlobals) = postSolution
		SolutionGuid = {D0AE4CC8-108C-4DC3-A222-451BB5AF2202}
	EndGlobalSection
EndGlobal
